
Microsoft Visual Studio Solution File, Format Version 12.00
# Visual Studio Version 17
VisualStudioVersion = 17.8.34316.72
MinimumVisualStudioVersion = 10.0.40219.1
Project("{2150E333-8FDC-42A3-9474-1A3956D46DE8}") = "Src", "Src", "{B327E10F-ED4C-4FEE-AFE5-CDB3E0A777FC}"
EndProject
Project("{2150E333-8FDC-42A3-9474-1A3956D46DE8}") = "Presentation", "Presentation", "{358DAB61-0DCE-496F-9157-C5C6DD370530}"
EndProject
Project("{FAE04EC0-301F-11D3-BF4B-00C04F79EFBC}") = "TestTemplate.WebApi", "TestTemplate\TestTemplate.WebApi\TestTemplate.WebApi.csproj", "{BC633338-DFF9-498C-967F-AE4F15341DCC}"
EndProject
Project("{2150E333-8FDC-42A3-9474-1A3956D46DE8}") = "Core", "Core", "{CEFB5E09-3671-4B85-B091-2374B12D2905}"
EndProject
Project("{FAE04EC0-301F-11D3-BF4B-00C04F79EFBC}") = "TestTemplate.Application", "TestTemplate\TestTemplate.Application\TestTemplate.Application.csproj", "{5A50204E-5D64-4F75-992F-5B5B999F5632}"
EndProject
Project("{FAE04EC0-301F-11D3-BF4B-00C04F79EFBC}") = "TestTemplate.Domain", "TestTemplate\TestTemplate.Domain\TestTemplate.Domain.csproj", "{6803A0C4-7F1F-46CD-B411-8E32AB08F388}"
EndProject
Project("{2150E333-8FDC-42A3-9474-1A3956D46DE8}") = "Infrastructure", "Infrastructure", "{1FB7C043-AE6B-4931-AF10-32FAFE9DE0C4}"
EndProject
Project("{FAE04EC0-301F-11D3-BF4B-00C04F79EFBC}") = "TestTemplate.Infrastructure.FileManager", "TestTemplate\TestTemplate.Infrastructure.FileManager\TestTemplate.Infrastructure.FileManager.csproj", "{53919CA1-2E46-4B76-B6FA-7FAE38EDDE5F}"
EndProject
Project("{FAE04EC0-301F-11D3-BF4B-00C04F79EFBC}") = "TestTemplate.Infrastructure.Identity", "TestTemplate\TestTemplate.Infrastructure.Identity\TestTemplate.Infrastructure.Identity.csproj", "{5E84F9FA-2503-43FD-8F85-F1C87F452B35}"
EndProject
Project("{FAE04EC0-301F-11D3-BF4B-00C04F79EFBC}") = "TestTemplate.Infrastructure.Persistence", "TestTemplate\TestTemplate.Infrastructure.Persistence\TestTemplate.Infrastructure.Persistence.csproj", "{55AB23FF-8B23-4831-8D05-10D6B8551AD9}"
EndProject
Project("{FAE04EC0-301F-11D3-BF4B-00C04F79EFBC}") = "TestTemplate.Infrastructure.Resources", "TestTemplate\TestTemplate.Infrastructure.Resources\TestTemplate.Infrastructure.Resources.csproj", "{4A292549-7556-4DDB-AB57-51A747F8DED3}"
EndProject
Global
	GlobalSection(SolutionConfigurationPlatforms) = preSolution
		Debug|Any CPU = Debug|Any CPU
		Release|Any CPU = Release|Any CPU
	EndGlobalSection
	GlobalSection(ProjectConfigurationPlatforms) = postSolution
		{BC633338-DFF9-498C-967F-AE4F15341DCC}.Debug|Any CPU.ActiveCfg = Debug|Any CPU
		{BC633338-DFF9-498C-967F-AE4F15341DCC}.Debug|Any CPU.Build.0 = Debug|Any CPU
		{BC633338-DFF9-498C-967F-AE4F15341DCC}.Release|Any CPU.ActiveCfg = Release|Any CPU
		{BC633338-DFF9-498C-967F-AE4F15341DCC}.Release|Any CPU.Build.0 = Release|Any CPU
		{5A50204E-5D64-4F75-992F-5B5B999F5632}.Debug|Any CPU.ActiveCfg = Debug|Any CPU
		{5A50204E-5D64-4F75-992F-5B5B999F5632}.Debug|Any CPU.Build.0 = Debug|Any CPU
		{5A50204E-5D64-4F75-992F-5B5B999F5632}.Release|Any CPU.ActiveCfg = Release|Any CPU
		{5A50204E-5D64-4F75-992F-5B5B999F5632}.Release|Any CPU.Build.0 = Release|Any CPU
		{6803A0C4-7F1F-46CD-B411-8E32AB08F388}.Debug|Any CPU.ActiveCfg = Debug|Any CPU
		{6803A0C4-7F1F-46CD-B411-8E32AB08F388}.Debug|Any CPU.Build.0 = Debug|Any CPU
		{6803A0C4-7F1F-46CD-B411-8E32AB08F388}.Release|Any CPU.ActiveCfg = Release|Any CPU
		{6803A0C4-7F1F-46CD-B411-8E32AB08F388}.Release|Any CPU.Build.0 = Release|Any CPU
		{53919CA1-2E46-4B76-B6FA-7FAE38EDDE5F}.Debug|Any CPU.ActiveCfg = Debug|Any CPU
		{53919CA1-2E46-4B76-B6FA-7FAE38EDDE5F}.Debug|Any CPU.Build.0 = Debug|Any CPU
		{53919CA1-2E46-4B76-B6FA-7FAE38EDDE5F}.Release|Any CPU.ActiveCfg = Release|Any CPU
		{53919CA1-2E46-4B76-B6FA-7FAE38EDDE5F}.Release|Any CPU.Build.0 = Release|Any CPU
		{5E84F9FA-2503-43FD-8F85-F1C87F452B35}.Debug|Any CPU.ActiveCfg = Debug|Any CPU
		{5E84F9FA-2503-43FD-8F85-F1C87F452B35}.Debug|Any CPU.Build.0 = Debug|Any CPU
		{5E84F9FA-2503-43FD-8F85-F1C87F452B35}.Release|Any CPU.ActiveCfg = Release|Any CPU
		{5E84F9FA-2503-43FD-8F85-F1C87F452B35}.Release|Any CPU.Build.0 = Release|Any CPU
		{55AB23FF-8B23-4831-8D05-10D6B8551AD9}.Debug|Any CPU.ActiveCfg = Debug|Any CPU
		{55AB23FF-8B23-4831-8D05-10D6B8551AD9}.Debug|Any CPU.Build.0 = Debug|Any CPU
		{55AB23FF-8B23-4831-8D05-10D6B8551AD9}.Release|Any CPU.ActiveCfg = Release|Any CPU
		{55AB23FF-8B23-4831-8D05-10D6B8551AD9}.Release|Any CPU.Build.0 = Release|Any CPU
		{4A292549-7556-4DDB-AB57-51A747F8DED3}.Debug|Any CPU.ActiveCfg = Debug|Any CPU
		{4A292549-7556-4DDB-AB57-51A747F8DED3}.Debug|Any CPU.Build.0 = Debug|Any CPU
		{4A292549-7556-4DDB-AB57-51A747F8DED3}.Release|Any CPU.ActiveCfg = Release|Any CPU
		{4A292549-7556-4DDB-AB57-51A747F8DED3}.Release|Any CPU.Build.0 = Release|Any CPU
	EndGlobalSection
	GlobalSection(SolutionProperties) = preSolution
		HideSolutionNode = FALSE
	EndGlobalSection
	GlobalSection(NestedProjects) = preSolution
		{358DAB61-0DCE-496F-9157-C5C6DD370530} = {B327E10F-ED4C-4FEE-AFE5-CDB3E0A777FC}
		{BC633338-DFF9-498C-967F-AE4F15341DCC} = {358DAB61-0DCE-496F-9157-C5C6DD370530}
		{CEFB5E09-3671-4B85-B091-2374B12D2905} = {B327E10F-ED4C-4FEE-AFE5-CDB3E0A777FC}
		{5A50204E-5D64-4F75-992F-5B5B999F5632} = {CEFB5E09-3671-4B85-B091-2374B12D2905}
		{6803A0C4-7F1F-46CD-B411-8E32AB08F388} = {CEFB5E09-3671-4B85-B091-2374B12D2905}
		{1FB7C043-AE6B-4931-AF10-32FAFE9DE0C4} = {B327E10F-ED4C-4FEE-AFE5-CDB3E0A777FC}
		{53919CA1-2E46-4B76-B6FA-7FAE38EDDE5F} = {1FB7C043-AE6B-4931-AF10-32FAFE9DE0C4}
		{5E84F9FA-2503-43FD-8F85-F1C87F452B35} = {1FB7C043-AE6B-4931-AF10-32FAFE9DE0C4}
		{55AB23FF-8B23-4831-8D05-10D6B8551AD9} = {1FB7C043-AE6B-4931-AF10-32FAFE9DE0C4}
		{4A292549-7556-4DDB-AB57-51A747F8DED3} = {1FB7C043-AE6B-4931-AF10-32FAFE9DE0C4}
	EndGlobalSection
	GlobalSection(ExtensibilityGlobals) = postSolution
		SolutionGuid = {96D72985-319E-4659-9A7E-503C8756E9BB}
	EndGlobalSection
EndGlobal
