
Microsoft Visual Studio Solution File, Format Version 12.00
# Visual Studio Version 17
VisualStudioVersion = 17.8.34316.72
MinimumVisualStudioVersion = 10.0.40219.1
Project("{2150E333-8FDC-42A3-9474-1A3956D46DE8}") = "Src", "Src", "{34002D99-32AE-4AC4-970C-102BB7B13FDF}"
EndProject
Project("{2150E333-8FDC-42A3-9474-1A3956D46DE8}") = "Presentation", "Presentation", "{97881C64-0CFA-4A0C-9B93-27A214A08766}"
EndProject
Project("{FAE04EC0-301F-11D3-BF4B-00C04F79EFBC}") = "TestTemplate.WebApi", "TestTemplate\TestTemplate.WebApi\TestTemplate.WebApi.csproj", "{580B9D7B-A829-4123-9360-D6B588813887}"
EndProject
Project("{2150E333-8FDC-42A3-9474-1A3956D46DE8}") = "Core", "Core", "{768A6660-E9FF-489B-80E1-DCC4492DDE69}"
EndProject
Project("{FAE04EC0-301F-11D3-BF4B-00C04F79EFBC}") = "TestTemplate.Application", "TestTemplate\TestTemplate.Application\TestTemplate.Application.csproj", "{C799235E-32DE-4EB7-AB48-62EDE1CF99DB}"
EndProject
Project("{FAE04EC0-301F-11D3-BF4B-00C04F79EFBC}") = "TestTemplate.Domain", "TestTemplate\TestTemplate.Domain\TestTemplate.Domain.csproj", "{AD4EC273-E665-41D2-B044-5FEA9B08E336}"
EndProject
Project("{2150E333-8FDC-42A3-9474-1A3956D46DE8}") = "Infrastructure", "Infrastructure", "{95701966-7B8F-4E68-8029-E57125C835E2}"
EndProject
Project("{FAE04EC0-301F-11D3-BF4B-00C04F79EFBC}") = "TestTemplate.Infrastructure.FileManager", "TestTemplate\TestTemplate.Infrastructure.FileManager\TestTemplate.Infrastructure.FileManager.csproj", "{3B571758-A60F-44E1-AD2C-7B8EDC1F508D}"
EndProject
Project("{FAE04EC0-301F-11D3-BF4B-00C04F79EFBC}") = "TestTemplate.Infrastructure.Identity", "TestTemplate\TestTemplate.Infrastructure.Identity\TestTemplate.Infrastructure.Identity.csproj", "{B3F6FDA0-EE47-48B7-81D3-04A3F5A1A805}"
EndProject
Project("{FAE04EC0-301F-11D3-BF4B-00C04F79EFBC}") = "TestTemplate.Infrastructure.Persistence", "TestTemplate\TestTemplate.Infrastructure.Persistence\TestTemplate.Infrastructure.Persistence.csproj", "{07616E63-1A3B-44D2-9B1A-C43F4885F812}"
EndProject
Project("{FAE04EC0-301F-11D3-BF4B-00C04F79EFBC}") = "TestTemplate.Infrastructure.Resources", "TestTemplate\TestTemplate.Infrastructure.Resources\TestTemplate.Infrastructure.Resources.csproj", "{D416E12F-636D-4B4A-9F9E-4F1CA7F6F5F4}"
EndProject
Global
	GlobalSection(SolutionConfigurationPlatforms) = preSolution
		Debug|Any CPU = Debug|Any CPU
		Release|Any CPU = Release|Any CPU
	EndGlobalSection
	GlobalSection(ProjectConfigurationPlatforms) = postSolution
		{580B9D7B-A829-4123-9360-D6B588813887}.Debug|Any CPU.ActiveCfg = Debug|Any CPU
		{580B9D7B-A829-4123-9360-D6B588813887}.Debug|Any CPU.Build.0 = Debug|Any CPU
		{580B9D7B-A829-4123-9360-D6B588813887}.Release|Any CPU.ActiveCfg = Release|Any CPU
		{580B9D7B-A829-4123-9360-D6B588813887}.Release|Any CPU.Build.0 = Release|Any CPU
		{C799235E-32DE-4EB7-AB48-62EDE1CF99DB}.Debug|Any CPU.ActiveCfg = Debug|Any CPU
		{C799235E-32DE-4EB7-AB48-62EDE1CF99DB}.Debug|Any CPU.Build.0 = Debug|Any CPU
		{C799235E-32DE-4EB7-AB48-62EDE1CF99DB}.Release|Any CPU.ActiveCfg = Release|Any CPU
		{C799235E-32DE-4EB7-AB48-62EDE1CF99DB}.Release|Any CPU.Build.0 = Release|Any CPU
		{AD4EC273-E665-41D2-B044-5FEA9B08E336}.Debug|Any CPU.ActiveCfg = Debug|Any CPU
		{AD4EC273-E665-41D2-B044-5FEA9B08E336}.Debug|Any CPU.Build.0 = Debug|Any CPU
		{AD4EC273-E665-41D2-B044-5FEA9B08E336}.Release|Any CPU.ActiveCfg = Release|Any CPU
		{AD4EC273-E665-41D2-B044-5FEA9B08E336}.Release|Any CPU.Build.0 = Release|Any CPU
		{3B571758-A60F-44E1-AD2C-7B8EDC1F508D}.Debug|Any CPU.ActiveCfg = Debug|Any CPU
		{3B571758-A60F-44E1-AD2C-7B8EDC1F508D}.Debug|Any CPU.Build.0 = Debug|Any CPU
		{3B571758-A60F-44E1-AD2C-7B8EDC1F508D}.Release|Any CPU.ActiveCfg = Release|Any CPU
		{3B571758-A60F-44E1-AD2C-7B8EDC1F508D}.Release|Any CPU.Build.0 = Release|Any CPU
		{B3F6FDA0-EE47-48B7-81D3-04A3F5A1A805}.Debug|Any CPU.ActiveCfg = Debug|Any CPU
		{B3F6FDA0-EE47-48B7-81D3-04A3F5A1A805}.Debug|Any CPU.Build.0 = Debug|Any CPU
		{B3F6FDA0-EE47-48B7-81D3-04A3F5A1A805}.Release|Any CPU.ActiveCfg = Release|Any CPU
		{B3F6FDA0-EE47-48B7-81D3-04A3F5A1A805}.Release|Any CPU.Build.0 = Release|Any CPU
		{07616E63-1A3B-44D2-9B1A-C43F4885F812}.Debug|Any CPU.ActiveCfg = Debug|Any CPU
		{07616E63-1A3B-44D2-9B1A-C43F4885F812}.Debug|Any CPU.Build.0 = Debug|Any CPU
		{07616E63-1A3B-44D2-9B1A-C43F4885F812}.Release|Any CPU.ActiveCfg = Release|Any CPU
		{07616E63-1A3B-44D2-9B1A-C43F4885F812}.Release|Any CPU.Build.0 = Release|Any CPU
		{D416E12F-636D-4B4A-9F9E-4F1CA7F6F5F4}.Debug|Any CPU.ActiveCfg = Debug|Any CPU
		{D416E12F-636D-4B4A-9F9E-4F1CA7F6F5F4}.Debug|Any CPU.Build.0 = Debug|Any CPU
		{D416E12F-636D-4B4A-9F9E-4F1CA7F6F5F4}.Release|Any CPU.ActiveCfg = Release|Any CPU
		{D416E12F-636D-4B4A-9F9E-4F1CA7F6F5F4}.Release|Any CPU.Build.0 = Release|Any CPU
	EndGlobalSection
	GlobalSection(SolutionProperties) = preSolution
		HideSolutionNode = FALSE
	EndGlobalSection
	GlobalSection(NestedProjects) = preSolution
		{97881C64-0CFA-4A0C-9B93-27A214A08766} = {34002D99-32AE-4AC4-970C-102BB7B13FDF}
		{580B9D7B-A829-4123-9360-D6B588813887} = {97881C64-0CFA-4A0C-9B93-27A214A08766}
		{768A6660-E9FF-489B-80E1-DCC4492DDE69} = {34002D99-32AE-4AC4-970C-102BB7B13FDF}
		{C799235E-32DE-4EB7-AB48-62EDE1CF99DB} = {768A6660-E9FF-489B-80E1-DCC4492DDE69}
		{AD4EC273-E665-41D2-B044-5FEA9B08E336} = {768A6660-E9FF-489B-80E1-DCC4492DDE69}
		{95701966-7B8F-4E68-8029-E57125C835E2} = {34002D99-32AE-4AC4-970C-102BB7B13FDF}
		{3B571758-A60F-44E1-AD2C-7B8EDC1F508D} = {95701966-7B8F-4E68-8029-E57125C835E2}
		{B3F6FDA0-EE47-48B7-81D3-04A3F5A1A805} = {95701966-7B8F-4E68-8029-E57125C835E2}
		{07616E63-1A3B-44D2-9B1A-C43F4885F812} = {95701966-7B8F-4E68-8029-E57125C835E2}
		{D416E12F-636D-4B4A-9F9E-4F1CA7F6F5F4} = {95701966-7B8F-4E68-8029-E57125C835E2}
	EndGlobalSection
	GlobalSection(ExtensibilityGlobals) = postSolution
		SolutionGuid = {AAD667BD-29AD-4FE1-ABEF-F09D3EC9EEFC}
	EndGlobalSection
EndGlobal
