
Microsoft Visual Studio Solution File, Format Version 12.00
# Visual Studio Version 17
VisualStudioVersion = 17.8.34316.72
MinimumVisualStudioVersion = 10.0.40219.1
Project("{2150E333-8FDC-42A3-9474-1A3956D46DE8}") = "Src", "Src", "{137B278D-B377-4FEA-80D3-B24C2DCF0DB9}"
EndProject
Project("{2150E333-8FDC-42A3-9474-1A3956D46DE8}") = "Presentation", "Presentation", "{20E99C8B-F9EE-4995-A54D-48FC0668422D}"
EndProject
Project("{FAE04EC0-301F-11D3-BF4B-00C04F79EFBC}") = "TestTemplate.WebApi", "TestTemplate\TestTemplate.WebApi\TestTemplate.WebApi.csproj", "{C3305E6E-2CF2-4FD5-ABF6-B34B3F807CCB}"
EndProject
Project("{2150E333-8FDC-42A3-9474-1A3956D46DE8}") = "Core", "Core", "{D14ED9DF-21F3-419C-8B91-3F62F0C732D5}"
EndProject
Project("{FAE04EC0-301F-11D3-BF4B-00C04F79EFBC}") = "TestTemplate.Application", "TestTemplate\TestTemplate.Application\TestTemplate.Application.csproj", "{226C4C0D-64A2-45F7-B06C-8943FCBCC4AE}"
EndProject
Project("{FAE04EC0-301F-11D3-BF4B-00C04F79EFBC}") = "TestTemplate.Domain", "TestTemplate\TestTemplate.Domain\TestTemplate.Domain.csproj", "{9F01619D-595D-418A-8EEC-1B206213D0FE}"
EndProject
Project("{2150E333-8FDC-42A3-9474-1A3956D46DE8}") = "Infrastructure", "Infrastructure", "{4C75CC51-E383-45AE-95A9-B2AF74817D12}"
EndProject
Project("{FAE04EC0-301F-11D3-BF4B-00C04F79EFBC}") = "TestTemplate.Infrastructure.FileManager", "TestTemplate\TestTemplate.Infrastructure.FileManager\TestTemplate.Infrastructure.FileManager.csproj", "{E48254C3-27BA-4A73-A853-F8BFF66F3C0C}"
EndProject
Project("{FAE04EC0-301F-11D3-BF4B-00C04F79EFBC}") = "TestTemplate.Infrastructure.Identity", "TestTemplate\TestTemplate.Infrastructure.Identity\TestTemplate.Infrastructure.Identity.csproj", "{8CCF492A-DEC6-4AFC-9033-B0A537AEE8DF}"
EndProject
Project("{FAE04EC0-301F-11D3-BF4B-00C04F79EFBC}") = "TestTemplate.Infrastructure.Persistence", "TestTemplate\TestTemplate.Infrastructure.Persistence\TestTemplate.Infrastructure.Persistence.csproj", "{BE702395-376F-4452-A36A-4C0A430EFF68}"
EndProject
Project("{FAE04EC0-301F-11D3-BF4B-00C04F79EFBC}") = "TestTemplate.Infrastructure.Resources", "TestTemplate\TestTemplate.Infrastructure.Resources\TestTemplate.Infrastructure.Resources.csproj", "{FB3A60A1-F2D9-472B-8950-B305D6524F2B}"
EndProject
Global
	GlobalSection(SolutionConfigurationPlatforms) = preSolution
		Debug|Any CPU = Debug|Any CPU
		Release|Any CPU = Release|Any CPU
	EndGlobalSection
	GlobalSection(ProjectConfigurationPlatforms) = postSolution
		{C3305E6E-2CF2-4FD5-ABF6-B34B3F807CCB}.Debug|Any CPU.ActiveCfg = Debug|Any CPU
		{C3305E6E-2CF2-4FD5-ABF6-B34B3F807CCB}.Debug|Any CPU.Build.0 = Debug|Any CPU
		{C3305E6E-2CF2-4FD5-ABF6-B34B3F807CCB}.Release|Any CPU.ActiveCfg = Release|Any CPU
		{C3305E6E-2CF2-4FD5-ABF6-B34B3F807CCB}.Release|Any CPU.Build.0 = Release|Any CPU
		{226C4C0D-64A2-45F7-B06C-8943FCBCC4AE}.Debug|Any CPU.ActiveCfg = Debug|Any CPU
		{226C4C0D-64A2-45F7-B06C-8943FCBCC4AE}.Debug|Any CPU.Build.0 = Debug|Any CPU
		{226C4C0D-64A2-45F7-B06C-8943FCBCC4AE}.Release|Any CPU.ActiveCfg = Release|Any CPU
		{226C4C0D-64A2-45F7-B06C-8943FCBCC4AE}.Release|Any CPU.Build.0 = Release|Any CPU
		{9F01619D-595D-418A-8EEC-1B206213D0FE}.Debug|Any CPU.ActiveCfg = Debug|Any CPU
		{9F01619D-595D-418A-8EEC-1B206213D0FE}.Debug|Any CPU.Build.0 = Debug|Any CPU
		{9F01619D-595D-418A-8EEC-1B206213D0FE}.Release|Any CPU.ActiveCfg = Release|Any CPU
		{9F01619D-595D-418A-8EEC-1B206213D0FE}.Release|Any CPU.Build.0 = Release|Any CPU
		{E48254C3-27BA-4A73-A853-F8BFF66F3C0C}.Debug|Any CPU.ActiveCfg = Debug|Any CPU
		{E48254C3-27BA-4A73-A853-F8BFF66F3C0C}.Debug|Any CPU.Build.0 = Debug|Any CPU
		{E48254C3-27BA-4A73-A853-F8BFF66F3C0C}.Release|Any CPU.ActiveCfg = Release|Any CPU
		{E48254C3-27BA-4A73-A853-F8BFF66F3C0C}.Release|Any CPU.Build.0 = Release|Any CPU
		{8CCF492A-DEC6-4AFC-9033-B0A537AEE8DF}.Debug|Any CPU.ActiveCfg = Debug|Any CPU
		{8CCF492A-DEC6-4AFC-9033-B0A537AEE8DF}.Debug|Any CPU.Build.0 = Debug|Any CPU
		{8CCF492A-DEC6-4AFC-9033-B0A537AEE8DF}.Release|Any CPU.ActiveCfg = Release|Any CPU
		{8CCF492A-DEC6-4AFC-9033-B0A537AEE8DF}.Release|Any CPU.Build.0 = Release|Any CPU
		{BE702395-376F-4452-A36A-4C0A430EFF68}.Debug|Any CPU.ActiveCfg = Debug|Any CPU
		{BE702395-376F-4452-A36A-4C0A430EFF68}.Debug|Any CPU.Build.0 = Debug|Any CPU
		{BE702395-376F-4452-A36A-4C0A430EFF68}.Release|Any CPU.ActiveCfg = Release|Any CPU
		{BE702395-376F-4452-A36A-4C0A430EFF68}.Release|Any CPU.Build.0 = Release|Any CPU
		{FB3A60A1-F2D9-472B-8950-B305D6524F2B}.Debug|Any CPU.ActiveCfg = Debug|Any CPU
		{FB3A60A1-F2D9-472B-8950-B305D6524F2B}.Debug|Any CPU.Build.0 = Debug|Any CPU
		{FB3A60A1-F2D9-472B-8950-B305D6524F2B}.Release|Any CPU.ActiveCfg = Release|Any CPU
		{FB3A60A1-F2D9-472B-8950-B305D6524F2B}.Release|Any CPU.Build.0 = Release|Any CPU
	EndGlobalSection
	GlobalSection(SolutionProperties) = preSolution
		HideSolutionNode = FALSE
	EndGlobalSection
	GlobalSection(NestedProjects) = preSolution
		{20E99C8B-F9EE-4995-A54D-48FC0668422D} = {137B278D-B377-4FEA-80D3-B24C2DCF0DB9}
		{C3305E6E-2CF2-4FD5-ABF6-B34B3F807CCB} = {20E99C8B-F9EE-4995-A54D-48FC0668422D}
		{D14ED9DF-21F3-419C-8B91-3F62F0C732D5} = {137B278D-B377-4FEA-80D3-B24C2DCF0DB9}
		{226C4C0D-64A2-45F7-B06C-8943FCBCC4AE} = {D14ED9DF-21F3-419C-8B91-3F62F0C732D5}
		{9F01619D-595D-418A-8EEC-1B206213D0FE} = {D14ED9DF-21F3-419C-8B91-3F62F0C732D5}
		{4C75CC51-E383-45AE-95A9-B2AF74817D12} = {137B278D-B377-4FEA-80D3-B24C2DCF0DB9}
		{E48254C3-27BA-4A73-A853-F8BFF66F3C0C} = {4C75CC51-E383-45AE-95A9-B2AF74817D12}
		{8CCF492A-DEC6-4AFC-9033-B0A537AEE8DF} = {4C75CC51-E383-45AE-95A9-B2AF74817D12}
		{BE702395-376F-4452-A36A-4C0A430EFF68} = {4C75CC51-E383-45AE-95A9-B2AF74817D12}
		{FB3A60A1-F2D9-472B-8950-B305D6524F2B} = {4C75CC51-E383-45AE-95A9-B2AF74817D12}
	EndGlobalSection
	GlobalSection(ExtensibilityGlobals) = postSolution
		SolutionGuid = {267D14C7-DE71-4740-A225-02EC83D716DC}
	EndGlobalSection
EndGlobal
