
Microsoft Visual Studio Solution File, Format Version 12.00
# Visual Studio Version 17
VisualStudioVersion = 17.9.34622.214
MinimumVisualStudioVersion = 10.0.40219.1
Project("{2150E333-8FDC-42A3-9474-1A3956D46DE8}") = "Src", "Src", "{C3233C49-128D-4DA2-850E-011BF2E91639}"
EndProject
Project("{2150E333-8FDC-42A3-9474-1A3956D46DE8}") = "Presentation", "Presentation", "{C048B1DE-A4C0-4782-8CB5-E157116D8167}"
EndProject
Project("{9A19103F-16F7-4668-BE54-9A1E7A4F7556}") = "CleanArchitecture.WebApi", "Src\Presentation\CleanArchitecture.WebApi\CleanArchitecture.WebApi.csproj", "{653383B9-CB44-4945-93DE-3C966A644F56}"
EndProject
Project("{2150E333-8FDC-42A3-9474-1A3956D46DE8}") = "Core", "Core", "{32152B36-9277-4C2A-94AB-34D8CDC99620}"
EndProject
Project("{9A19103F-16F7-4668-BE54-9A1E7A4F7556}") = "CleanArchitecture.Application", "Src\Core\CleanArchitecture.Application\CleanArchitecture.Application.csproj", "{6486A4CD-C8E8-4DB2-8F96-F45B7FAB95A4}"
EndProject
Project("{9A19103F-16F7-4668-BE54-9A1E7A4F7556}") = "CleanArchitecture.Domain", "Src\Core\CleanArchitecture.Domain\CleanArchitecture.Domain.csproj", "{0A482ACC-C424-4333-89ED-B07B0CF5D03E}"
EndProject
Project("{2150E333-8FDC-42A3-9474-1A3956D46DE8}") = "Infrastructure", "Infrastructure", "{E8922E5D-4499-43E3-820F-9D3749440C3B}"
EndProject
Project("{9A19103F-16F7-4668-BE54-9A1E7A4F7556}") = "CleanArchitecture.Infrastructure.FileManager", "Src\Infrastructure\CleanArchitecture.Infrastructure.FileManager\CleanArchitecture.Infrastructure.FileManager.csproj", "{FCAB3AA4-57EC-4E2E-82E1-7C50414D91E2}"
EndProject
Project("{9A19103F-16F7-4668-BE54-9A1E7A4F7556}") = "CleanArchitecture.Infrastructure.Identity", "Src\Infrastructure\CleanArchitecture.Infrastructure.Identity\CleanArchitecture.Infrastructure.Identity.csproj", "{DC3B75B2-C655-4220-95B7-C0DD8192E4BD}"
EndProject
Project("{9A19103F-16F7-4668-BE54-9A1E7A4F7556}") = "CleanArchitecture.Infrastructure.Persistence", "Src\Infrastructure\CleanArchitecture.Infrastructure.Persistence\CleanArchitecture.Infrastructure.Persistence.csproj", "{BB748447-4BA5-41FA-B639-6311DE0C1457}"
EndProject
Project("{9A19103F-16F7-4668-BE54-9A1E7A4F7556}") = "CleanArchitecture.Infrastructure.Resources", "Src\Infrastructure\CleanArchitecture.Infrastructure.Resources\CleanArchitecture.Infrastructure.Resources.csproj", "{3FFC7E73-1467-4CD3-9A12-BB1A97CAC35F}"
EndProject
Project("{FAE04EC0-301F-11D3-BF4B-00C04F79EFBC}") = "BlazorWasmPwa", "Src\Presentation\BlazorWasmPwa\BlazorWasmPwa.csproj", "{BE57B925-B7A7-4478-B037-5997BA027F2F}"
EndProject
Global
	GlobalSection(SolutionConfigurationPlatforms) = preSolution
		Debug|Any CPU = Debug|Any CPU
		Release|Any CPU = Release|Any CPU
	EndGlobalSection
	GlobalSection(ProjectConfigurationPlatforms) = postSolution
		{653383B9-CB44-4945-93DE-3C966A644F56}.Debug|Any CPU.ActiveCfg = Debug|Any CPU
		{653383B9-CB44-4945-93DE-3C966A644F56}.Debug|Any CPU.Build.0 = Debug|Any CPU
		{653383B9-CB44-4945-93DE-3C966A644F56}.Release|Any CPU.ActiveCfg = Release|Any CPU
		{653383B9-CB44-4945-93DE-3C966A644F56}.Release|Any CPU.Build.0 = Release|Any CPU
		{6486A4CD-C8E8-4DB2-8F96-F45B7FAB95A4}.Debug|Any CPU.ActiveCfg = Debug|Any CPU
		{6486A4CD-C8E8-4DB2-8F96-F45B7FAB95A4}.Debug|Any CPU.Build.0 = Debug|Any CPU
		{6486A4CD-C8E8-4DB2-8F96-F45B7FAB95A4}.Release|Any CPU.ActiveCfg = Release|Any CPU
		{6486A4CD-C8E8-4DB2-8F96-F45B7FAB95A4}.Release|Any CPU.Build.0 = Release|Any CPU
		{0A482ACC-C424-4333-89ED-B07B0CF5D03E}.Debug|Any CPU.ActiveCfg = Debug|Any CPU
		{0A482ACC-C424-4333-89ED-B07B0CF5D03E}.Debug|Any CPU.Build.0 = Debug|Any CPU
		{0A482ACC-C424-4333-89ED-B07B0CF5D03E}.Release|Any CPU.ActiveCfg = Release|Any CPU
		{0A482ACC-C424-4333-89ED-B07B0CF5D03E}.Release|Any CPU.Build.0 = Release|Any CPU
		{FCAB3AA4-57EC-4E2E-82E1-7C50414D91E2}.Debug|Any CPU.ActiveCfg = Debug|Any CPU
		{FCAB3AA4-57EC-4E2E-82E1-7C50414D91E2}.Debug|Any CPU.Build.0 = Debug|Any CPU
		{FCAB3AA4-57EC-4E2E-82E1-7C50414D91E2}.Release|Any CPU.ActiveCfg = Release|Any CPU
		{FCAB3AA4-57EC-4E2E-82E1-7C50414D91E2}.Release|Any CPU.Build.0 = Release|Any CPU
		{DC3B75B2-C655-4220-95B7-C0DD8192E4BD}.Debug|Any CPU.ActiveCfg = Debug|Any CPU
		{DC3B75B2-C655-4220-95B7-C0DD8192E4BD}.Debug|Any CPU.Build.0 = Debug|Any CPU
		{DC3B75B2-C655-4220-95B7-C0DD8192E4BD}.Release|Any CPU.ActiveCfg = Release|Any CPU
		{DC3B75B2-C655-4220-95B7-C0DD8192E4BD}.Release|Any CPU.Build.0 = Release|Any CPU
		{BB748447-4BA5-41FA-B639-6311DE0C1457}.Debug|Any CPU.ActiveCfg = Debug|Any CPU
		{BB748447-4BA5-41FA-B639-6311DE0C1457}.Debug|Any CPU.Build.0 = Debug|Any CPU
		{BB748447-4BA5-41FA-B639-6311DE0C1457}.Release|Any CPU.ActiveCfg = Release|Any CPU
		{BB748447-4BA5-41FA-B639-6311DE0C1457}.Release|Any CPU.Build.0 = Release|Any CPU
		{3FFC7E73-1467-4CD3-9A12-BB1A97CAC35F}.Debug|Any CPU.ActiveCfg = Debug|Any CPU
		{3FFC7E73-1467-4CD3-9A12-BB1A97CAC35F}.Debug|Any CPU.Build.0 = Debug|Any CPU
		{3FFC7E73-1467-4CD3-9A12-BB1A97CAC35F}.Release|Any CPU.ActiveCfg = Release|Any CPU
		{3FFC7E73-1467-4CD3-9A12-BB1A97CAC35F}.Release|Any CPU.Build.0 = Release|Any CPU
		{BE57B925-B7A7-4478-B037-5997BA027F2F}.Debug|Any CPU.ActiveCfg = Debug|Any CPU
		{BE57B925-B7A7-4478-B037-5997BA027F2F}.Debug|Any CPU.Build.0 = Debug|Any CPU
		{BE57B925-B7A7-4478-B037-5997BA027F2F}.Release|Any CPU.ActiveCfg = Release|Any CPU
		{BE57B925-B7A7-4478-B037-5997BA027F2F}.Release|Any CPU.Build.0 = Release|Any CPU
	EndGlobalSection
	GlobalSection(SolutionProperties) = preSolution
		HideSolutionNode = FALSE
	EndGlobalSection
	GlobalSection(NestedProjects) = preSolution
		{C048B1DE-A4C0-4782-8CB5-E157116D8167} = {C3233C49-128D-4DA2-850E-011BF2E91639}
		{653383B9-CB44-4945-93DE-3C966A644F56} = {C048B1DE-A4C0-4782-8CB5-E157116D8167}
		{32152B36-9277-4C2A-94AB-34D8CDC99620} = {C3233C49-128D-4DA2-850E-011BF2E91639}
		{6486A4CD-C8E8-4DB2-8F96-F45B7FAB95A4} = {32152B36-9277-4C2A-94AB-34D8CDC99620}
		{0A482ACC-C424-4333-89ED-B07B0CF5D03E} = {32152B36-9277-4C2A-94AB-34D8CDC99620}
		{E8922E5D-4499-43E3-820F-9D3749440C3B} = {C3233C49-128D-4DA2-850E-011BF2E91639}
		{FCAB3AA4-57EC-4E2E-82E1-7C50414D91E2} = {E8922E5D-4499-43E3-820F-9D3749440C3B}
		{DC3B75B2-C655-4220-95B7-C0DD8192E4BD} = {E8922E5D-4499-43E3-820F-9D3749440C3B}
		{BB748447-4BA5-41FA-B639-6311DE0C1457} = {E8922E5D-4499-43E3-820F-9D3749440C3B}
		{3FFC7E73-1467-4CD3-9A12-BB1A97CAC35F} = {E8922E5D-4499-43E3-820F-9D3749440C3B}
		{BE57B925-B7A7-4478-B037-5997BA027F2F} = {C048B1DE-A4C0-4782-8CB5-E157116D8167}
	EndGlobalSection
	GlobalSection(ExtensibilityGlobals) = postSolution
		SolutionGuid = {FC3F6810-DC79-495A-BFF0-452A63F5FB23}
	EndGlobalSection
EndGlobal
